{
  "version": 4,
  "terraform_version": "0.12.28",
  "serial": 16,
  "lineage": "57720c4a-56c1-8019-dd77-a45afe0648f3",
  "outputs": {},
  "resources": [
    {
      "mode": "managed",
      "type": "google_bigquery_dataset",
      "name": "default",
      "provider": "provider.google",
      "instances": [
        {
          "schema_version": 0,
          "attributes": {
            "access": [
              {
                "domain": "",
                "group_by_email": "",
                "role": "OWNER",
                "special_group": "",
                "user_by_email": "gqianglu1990@gmail.com",
                "view": []
              },
              {
                "domain": "",
                "group_by_email": "",
                "role": "OWNER",
                "special_group": "projectOwners",
                "user_by_email": "",
                "view": []
              },
              {
                "domain": "",
                "group_by_email": "",
                "role": "READER",
                "special_group": "projectReaders",
                "user_by_email": "",
                "view": []
              },
              {
                "domain": "",
                "group_by_email": "",
                "role": "WRITER",
                "special_group": "projectWriters",
                "user_by_email": "",
                "view": []
              }
            ],
            "creation_time": 1598839384743,
            "dataset_id": "iris_dataset",
            "default_encryption_configuration": [],
            "default_partition_expiration_ms": 0,
            "default_table_expiration_ms": 0,
            "delete_contents_on_destroy": false,
            "description": "Demo for iris dataset",
            "etag": "b2A4s44Eyhrb964EjTyiOg==",
            "friendly_name": "",
            "id": "projects/cloudtutorial-286906/datasets/iris_dataset",
            "labels": null,
            "last_modified_time": 1598839384743,
            "location": "US",
            "project": "cloudtutorial-286906",
            "self_link": "https://www.googleapis.com/bigquery/v2/projects/cloudtutorial-286906/datasets/iris_dataset",
            "timeouts": null
          },
          "private": "eyJlMmJmYjczMC1lY2FhLTExZTYtOGY4OC0zNDM2M2JjN2M0YzAiOnsiY3JlYXRlIjoyNDAwMDAwMDAwMDAsImRlbGV0ZSI6MjQwMDAwMDAwMDAwLCJ1cGRhdGUiOjI0MDAwMDAwMDAwMH19"
        }
      ]
    },
    {
      "mode": "managed",
      "type": "google_composer_environment",
      "name": "default",
      "provider": "provider.google",
      "instances": [
        {
          "schema_version": 0,
          "attributes": {
            "config": [
              {
                "airflow_uri": "https://v449d02fb0ceea962p-tp.appspot.com",
                "dag_gcs_prefix": "gs://us-central1-composer-cluste-26c8467b-bucket/dags",
                "gke_cluster": "projects/cloudtutorial-286906/zones/us-central1-a/clusters/us-central1-composer-cluste-26c8467b-gke",
                "node_config": [
                  {
                    "disk_size_gb": 100,
                    "ip_allocation_policy": [
                      {
                        "cluster_ipv4_cidr_block": "",
                        "cluster_secondary_range_name": "",
                        "services_ipv4_cidr_block": "",
                        "services_secondary_range_name": "",
                        "use_ip_aliases": false
                      }
                    ],
                    "machine_type": "projects/cloudtutorial-286906/zones/us-central1-a/machineTypes/n1-standard-1",
                    "network": "projects/cloudtutorial-286906/global/networks/default",
                    "oauth_scopes": [
                      "https://www.googleapis.com/auth/cloud-platform"
                    ],
                    "service_account": "349614606103-compute@developer.gserviceaccount.com",
                    "subnetwork": "",
                    "tags": null,
                    "zone": "projects/cloudtutorial-286906/zones/us-central1-a"
                  }
                ],
                "node_count": 3,
                "private_environment_config": [
                  {
                    "cloud_sql_ipv4_cidr_block": "10.0.0.0/12",
                    "enable_private_endpoint": false,
                    "master_ipv4_cidr_block": "",
                    "web_server_ipv4_cidr_block": "172.31.245.0/24"
                  }
                ],
                "software_config": [
                  {
                    "airflow_config_overrides": {},
                    "env_variables": {},
                    "image_version": "composer-1.11.3-airflow-1.10.6",
                    "pypi_packages": {},
                    "python_version": "3"
                  }
                ]
              }
            ],
            "id": "projects/cloudtutorial-286906/locations/us-central1/environments/composer-cluster-lu",
            "labels": null,
            "name": "composer-cluster-lu",
            "project": "cloudtutorial-286906",
            "region": "us-central1",
            "timeouts": null
          },
          "private": "eyJlMmJmYjczMC1lY2FhLTExZTYtOGY4OC0zNDM2M2JjN2M0YzAiOnsiY3JlYXRlIjo3MjAwMDAwMDAwMDAwLCJkZWxldGUiOjE4MDAwMDAwMDAwMDAsInVwZGF0ZSI6NzIwMDAwMDAwMDAwMH19"
        }
      ]
    },
    {
      "mode": "managed",
      "type": "google_dataproc_cluster",
      "name": "my-cluster",
      "provider": "provider.google",
      "instances": [
        {
          "schema_version": 0,
          "attributes": {
            "cluster_config": [
              {
                "autoscaling_config": [],
                "bucket": "dataproc-staging-us-west1-349614606103-6m2zlkgb",
                "encryption_config": [],
                "gce_cluster_config": [
                  {
                    "internal_ip_only": false,
                    "metadata": {},
                    "network": "https://www.googleapis.com/compute/v1/projects/cloudtutorial-286906/global/networks/default",
                    "service_account": "",
                    "service_account_scopes": [
                      "https://www.googleapis.com/auth/bigquery",
                      "https://www.googleapis.com/auth/bigtable.admin.table",
                      "https://www.googleapis.com/auth/bigtable.data",
                      "https://www.googleapis.com/auth/cloud.useraccounts.readonly",
                      "https://www.googleapis.com/auth/devstorage.full_control",
                      "https://www.googleapis.com/auth/devstorage.read_write",
                      "https://www.googleapis.com/auth/logging.write"
                    ],
                    "subnetwork": "",
                    "tags": [],
                    "zone": "us-west1-a"
                  }
                ],
                "initialization_action": [],
                "master_config": [
                  {
                    "accelerators": [],
                    "disk_config": [
                      {
                        "boot_disk_size_gb": 15,
                        "boot_disk_type": "pd-standard",
                        "num_local_ssds": 0
                      }
                    ],
                    "image_uri": "https://www.googleapis.com/compute/v1/projects/cloud-dataproc/global/images/dataproc-1-3-deb9-20200702-175101-rc01",
                    "instance_names": [
                      "proc-cluster-lu-m"
                    ],
                    "machine_type": "n1-standard-1",
                    "min_cpu_platform": "AUTOMATIC",
                    "num_instances": 1
                  }
                ],
                "preemptible_worker_config": [
                  {
                    "disk_config": [
                      {
                        "boot_disk_size_gb": null,
                        "boot_disk_type": null,
                        "num_local_ssds": null
                      }
                    ],
                    "instance_names": [],
                    "num_instances": 0
                  }
                ],
                "security_config": [],
                "software_config": [
                  {
                    "image_version": "1.3.62-debian9",
                    "optional_components": [],
                    "override_properties": {},
                    "properties": {
                      "capacity-scheduler:yarn.scheduler.capacity.root.default.ordering-policy": "fair",
                      "core:fs.gs.block.size": "134217728",
                      "core:fs.gs.metadata.cache.enable": "false",
                      "core:hadoop.ssl.enabled.protocols": "TLSv1,TLSv1.1,TLSv1.2",
                      "distcp:mapreduce.map.java.opts": "-Xmx576m",
                      "distcp:mapreduce.map.memory.mb": "768",
                      "distcp:mapreduce.reduce.java.opts": "-Xmx576m",
                      "distcp:mapreduce.reduce.memory.mb": "768",
                      "hdfs:dfs.datanode.address": "0.0.0.0:9866",
                      "hdfs:dfs.datanode.http.address": "0.0.0.0:9864",
                      "hdfs:dfs.datanode.https.address": "0.0.0.0:9865",
                      "hdfs:dfs.datanode.ipc.address": "0.0.0.0:9867",
                      "hdfs:dfs.namenode.handler.count": "20",
                      "hdfs:dfs.namenode.http-address": "0.0.0.0:9870",
                      "hdfs:dfs.namenode.https-address": "0.0.0.0:9871",
                      "hdfs:dfs.namenode.lifeline.rpc-address": "proc-cluster-lu-m:8050",
                      "hdfs:dfs.namenode.secondary.http-address": "0.0.0.0:9868",
                      "hdfs:dfs.namenode.secondary.https-address": "0.0.0.0:9869",
                      "hdfs:dfs.namenode.service.handler.count": "10",
                      "hdfs:dfs.namenode.servicerpc-address": "proc-cluster-lu-m:8051",
                      "mapred-env:HADOOP_JOB_HISTORYSERVER_HEAPSIZE": "1000",
                      "mapred:mapreduce.job.maps": "15",
                      "mapred:mapreduce.job.reduce.slowstart.completedmaps": "0.95",
                      "mapred:mapreduce.job.reduces": "2",
                      "mapred:mapreduce.map.cpu.vcores": "1",
                      "mapred:mapreduce.map.java.opts": "-Xmx819m",
                      "mapred:mapreduce.map.memory.mb": "1024",
                      "mapred:mapreduce.reduce.cpu.vcores": "1",
                      "mapred:mapreduce.reduce.java.opts": "-Xmx1638m",
                      "mapred:mapreduce.reduce.memory.mb": "2048",
                      "mapred:mapreduce.task.io.sort.mb": "256",
                      "mapred:yarn.app.mapreduce.am.command-opts": "-Xmx819m",
                      "mapred:yarn.app.mapreduce.am.resource.cpu-vcores": "1",
                      "mapred:yarn.app.mapreduce.am.resource.mb": "1024",
                      "spark-env:SPARK_DAEMON_MEMORY": "1000m",
                      "spark:spark.driver.maxResultSize": "480m",
                      "spark:spark.driver.memory": "960m",
                      "spark:spark.executor.cores": "1",
                      "spark:spark.executor.instances": "2",
                      "spark:spark.executor.memory": "2688m",
                      "spark:spark.executorEnv.OPENBLAS_NUM_THREADS": "1",
                      "spark:spark.scheduler.mode": "FAIR",
                      "spark:spark.sql.cbo.enabled": "true",
                      "spark:spark.yarn.am.memory": "640m",
                      "yarn-env:YARN_NODEMANAGER_HEAPSIZE": "1000",
                      "yarn-env:YARN_RESOURCEMANAGER_HEAPSIZE": "1000",
                      "yarn-env:YARN_TIMELINESERVER_HEAPSIZE": "1000",
                      "yarn:yarn.nodemanager.resource.memory-mb": "3072",
                      "yarn:yarn.resourcemanager.nodemanager-graceful-decommission-timeout-secs": "86400",
                      "yarn:yarn.scheduler.maximum-allocation-mb": "3072",
                      "yarn:yarn.scheduler.minimum-allocation-mb": "256"
                    }
                  }
                ],
                "staging_bucket": "",
                "worker_config": [
                  {
                    "accelerators": [],
                    "disk_config": [
                      {
                        "boot_disk_size_gb": 15,
                        "boot_disk_type": "pd-standard",
                        "num_local_ssds": 0
                      }
                    ],
                    "image_uri": "https://www.googleapis.com/compute/v1/projects/cloud-dataproc/global/images/dataproc-1-3-deb9-20200702-175101-rc01",
                    "instance_names": [
                      "proc-cluster-lu-w-0",
                      "proc-cluster-lu-w-1"
                    ],
                    "machine_type": "n1-standard-1",
                    "min_cpu_platform": "AUTOMATIC",
                    "num_instances": 2
                  }
                ]
              }
            ],
            "id": "projects/cloudtutorial-286906/regions/us-west1/clusters/proc-cluster-lu",
            "labels": {
              "goog-dataproc-cluster-name": "proc-cluster-lu",
              "goog-dataproc-cluster-uuid": "6d4aba52-3618-4590-8db4-7cda4e2a930c",
              "goog-dataproc-location": "us-west1"
            },
            "name": "proc-cluster-lu",
            "project": "cloudtutorial-286906",
            "region": "us-west1",
            "timeouts": null
          },
          "private": "eyJlMmJmYjczMC1lY2FhLTExZTYtOGY4OC0zNDM2M2JjN2M0YzAiOnsiY3JlYXRlIjoxMjAwMDAwMDAwMDAwLCJkZWxldGUiOjEyMDAwMDAwMDAwMDAsInVwZGF0ZSI6MTIwMDAwMDAwMDAwMH19"
        }
      ]
    },
    {
      "mode": "managed",
      "type": "google_storage_bucket",
      "name": "default",
      "provider": "provider.google",
      "instances": [
        {
          "schema_version": 0,
          "attributes": {
            "bucket_policy_only": false,
            "cors": [],
            "default_event_based_hold": false,
            "encryption": [],
            "force_destroy": false,
            "id": "lugq_ds_test_demo_new",
            "labels": {},
            "lifecycle_rule": [],
            "location": "US",
            "logging": [],
            "name": "lugq_ds_test_demo_new",
            "project": "cloudtutorial-286906",
            "requester_pays": false,
            "retention_policy": [],
            "self_link": "https://www.googleapis.com/storage/v1/b/lugq_ds_test_demo_new",
            "storage_class": "STANDARD",
            "url": "gs://lugq_ds_test_demo_new",
            "versioning": [],
            "website": []
          }
        }
      ]
    }
  ]
}
