{
  "version": 4,
  "terraform_version": "0.12.28",
  "serial": 33,
  "lineage": "f38f26dc-acc6-0aae-a306-02b7f653e4c5",
  "outputs": {},
  "resources": [
    {
      "mode": "managed",
      "type": "google_cloud_scheduler_job",
      "name": "job",
      "provider": "provider.google",
      "instances": [
        {
          "schema_version": 0,
          "attributes": {
            "app_engine_http_target": [],
            "attempt_deadline": "",
            "description": "Just to get with terraform",
            "http_target": [],
            "id": "projects/buoyant-sum-302208/locations/us-central1/jobs/test-scheduler",
            "name": "test-scheduler",
            "project": "buoyant-sum-302208",
            "pubsub_target": [
              {
                "attributes": {},
                "data": "SGkgc2NoZWR1bGVyIQ==",
                "topic_name": "projects/buoyant-sum-302208/topics/job-topic"
              }
            ],
            "region": "us-central1",
            "retry_config": [],
            "schedule": "* * * * *",
            "time_zone": "Etc/UTC",
            "timeouts": null
          },
          "private": "eyJlMmJmYjczMC1lY2FhLTExZTYtOGY4OC0zNDM2M2JjN2M0YzAiOnsiY3JlYXRlIjoyNDAwMDAwMDAwMDAsImRlbGV0ZSI6MjQwMDAwMDAwMDAwLCJ1cGRhdGUiOjI0MDAwMDAwMDAwMH19",
          "dependencies": [
            "google_pubsub_topic.topic"
          ]
        }
      ]
    },
    {
      "mode": "managed",
      "type": "google_cloudfunctions_function",
      "name": "function",
      "provider": "provider.google",
      "instances": [
        {
          "schema_version": 0,
          "attributes": {
            "available_memory_mb": 128,
            "build_environment_variables": null,
            "description": "test with cloud function",
            "entry_point": "say_hi",
            "environment_variables": null,
            "event_trigger": [
              {
                "event_type": "google.pubsub.topic.publish",
                "failure_policy": [
                  {
                    "retry": false
                  }
                ],
                "resource": "projects/buoyant-sum-302208/topics/job-topic"
              }
            ],
            "https_trigger_url": null,
            "id": "projects/buoyant-sum-302208/locations/us-central1/functions/func_lugq",
            "ingress_settings": "ALLOW_ALL",
            "labels": null,
            "max_instances": 0,
            "name": "func_lugq",
            "project": "buoyant-sum-302208",
            "region": "us-central1",
            "runtime": "python38",
            "service_account_email": "buoyant-sum-302208@appspot.gserviceaccount.com",
            "source_archive_bucket": "cloud_functions_lugq",
            "source_archive_object": "index.zip",
            "source_repository": [],
            "timeout": 60,
            "timeouts": null,
            "trigger_http": null,
            "vpc_connector": "",
            "vpc_connector_egress_settings": ""
          },
          "private": "eyJlMmJmYjczMC1lY2FhLTExZTYtOGY4OC0zNDM2M2JjN2M0YzAiOnsiY3JlYXRlIjozMDAwMDAwMDAwMDAsImRlbGV0ZSI6MzAwMDAwMDAwMDAwLCJyZWFkIjozMDAwMDAwMDAwMDAsInVwZGF0ZSI6MzAwMDAwMDAwMDAwfX0=",
          "dependencies": [
            "google_pubsub_topic.topic",
            "google_storage_bucket.bucket",
            "google_storage_bucket_object.archive"
          ]
        }
      ]
    },
    {
      "mode": "managed",
      "type": "google_pubsub_topic",
      "name": "topic",
      "provider": "provider.google",
      "instances": [
        {
          "schema_version": 0,
          "attributes": {
            "id": "projects/buoyant-sum-302208/topics/job-topic",
            "kms_key_name": "",
            "labels": {},
            "message_storage_policy": [],
            "name": "job-topic",
            "project": "buoyant-sum-302208",
            "timeouts": null
          },
          "private": "eyJlMmJmYjczMC1lY2FhLTExZTYtOGY4OC0zNDM2M2JjN2M0YzAiOnsiY3JlYXRlIjozNjAwMDAwMDAwMDAsImRlbGV0ZSI6MjQwMDAwMDAwMDAwLCJ1cGRhdGUiOjM2MDAwMDAwMDAwMH19"
        }
      ]
    },
    {
      "mode": "managed",
      "type": "google_storage_bucket",
      "name": "bucket",
      "provider": "provider.google",
      "instances": [
        {
          "schema_version": 0,
          "attributes": {
            "bucket_policy_only": false,
            "cors": [],
            "default_event_based_hold": false,
            "encryption": [],
            "force_destroy": false,
            "id": "cloud_functions_lugq",
            "labels": {},
            "lifecycle_rule": [],
            "location": "US",
            "logging": [],
            "name": "cloud_functions_lugq",
            "project": "buoyant-sum-302208",
            "requester_pays": false,
            "retention_policy": [],
            "self_link": "https://www.googleapis.com/storage/v1/b/cloud_functions_lugq",
            "storage_class": "STANDARD",
            "uniform_bucket_level_access": false,
            "url": "gs://cloud_functions_lugq",
            "versioning": [],
            "website": []
          },
          "private": "bnVsbA=="
        }
      ]
    },
    {
      "mode": "managed",
      "type": "google_storage_bucket_object",
      "name": "archive",
      "provider": "provider.google",
      "instances": [
        {
          "schema_version": 0,
          "attributes": {
            "bucket": "cloud_functions_lugq",
            "cache_control": "",
            "content": null,
            "content_disposition": "",
            "content_encoding": "",
            "content_language": "",
            "content_type": "application/zip",
            "crc32c": "BbkKKw==",
            "detect_md5hash": "AvykNjvAdWxBmjqv7i/7wg==",
            "id": "cloud_functions_lugq-index.zip",
            "kms_key_name": "",
            "md5hash": "AvykNjvAdWxBmjqv7i/7wg==",
            "media_link": "https://storage.googleapis.com/download/storage/v1/b/cloud_functions_lugq/o/index.zip?generation=1618368215510384\u0026alt=media",
            "metadata": null,
            "name": "index.zip",
            "output_name": "index.zip",
            "self_link": "https://www.googleapis.com/storage/v1/b/cloud_functions_lugq/o/index.zip",
            "source": "./cloud_func_code/index.zip",
            "storage_class": "STANDARD"
          },
          "private": "bnVsbA==",
          "dependencies": [
            "google_storage_bucket.bucket"
          ]
        }
      ]
    }
  ]
}
