{
  "version": 4,
  "terraform_version": "0.12.28",
  "serial": 7,
  "lineage": "21bfb78b-442b-fcc7-ccc8-f6e1acabfe80",
  "outputs": {},
  "resources": [
    {
      "mode": "managed",
      "type": "google_compute_network",
      "name": "test",
      "provider": "provider.google",
      "instances": [
        {
          "schema_version": 0,
          "attributes": {
            "auto_create_subnetworks": false,
            "delete_default_routes_on_create": false,
            "description": "",
            "gateway_ipv4": "",
            "id": "projects/cloudtutorial-283301/global/networks/composer-network",
            "ipv4_range": null,
            "name": "composer-network",
            "project": "cloudtutorial-283301",
            "routing_mode": "REGIONAL",
            "self_link": "https://www.googleapis.com/compute/v1/projects/cloudtutorial-283301/global/networks/composer-network",
            "timeouts": null
          },
          "private": "eyJlMmJmYjczMC1lY2FhLTExZTYtOGY4OC0zNDM2M2JjN2M0YzAiOnsiY3JlYXRlIjoyNDAwMDAwMDAwMDAsImRlbGV0ZSI6MjQwMDAwMDAwMDAwLCJ1cGRhdGUiOjI0MDAwMDAwMDAwMH19"
        }
      ]
    },
    {
      "mode": "managed",
      "type": "google_compute_subnetwork",
      "name": "test",
      "provider": "provider.google",
      "instances": [
        {
          "schema_version": 0,
          "attributes": {
            "creation_timestamp": "2020-07-13T22:30:43.995-07:00",
            "description": "",
            "enable_flow_logs": null,
            "fingerprint": null,
            "gateway_address": "10.2.0.1",
            "id": "projects/cloudtutorial-283301/regions/us-central1/subnetworks/composer-subnet",
            "ip_cidr_range": "10.2.0.0/16",
            "log_config": [],
            "name": "composer-subnet",
            "network": "https://www.googleapis.com/compute/v1/projects/cloudtutorial-283301/global/networks/composer-network",
            "private_ip_google_access": false,
            "project": "cloudtutorial-283301",
            "region": "us-central1",
            "secondary_ip_range": [],
            "self_link": "https://www.googleapis.com/compute/v1/projects/cloudtutorial-283301/regions/us-central1/subnetworks/composer-subnet",
            "timeouts": null
          },
          "private": "eyJlMmJmYjczMC1lY2FhLTExZTYtOGY4OC0zNDM2M2JjN2M0YzAiOnsiY3JlYXRlIjozNjAwMDAwMDAwMDAsImRlbGV0ZSI6MzYwMDAwMDAwMDAwLCJ1cGRhdGUiOjM2MDAwMDAwMDAwMH19",
          "dependencies": [
            "google_compute_network.test"
          ]
        }
      ]
    },
    {
      "mode": "managed",
      "type": "google_service_account",
      "name": "test",
      "provider": "provider.google",
      "instances": [
        {
          "schema_version": 0,
          "attributes": {
            "account_id": "composer-env",
            "description": "",
            "display_name": "Test with composer terraform",
            "email": "composer-env@cloudtutorial-283301.iam.gserviceaccount.com",
            "id": "projects/cloudtutorial-283301/serviceAccounts/composer-env@cloudtutorial-283301.iam.gserviceaccount.com",
            "name": "projects/cloudtutorial-283301/serviceAccounts/composer-env@cloudtutorial-283301.iam.gserviceaccount.com",
            "project": "cloudtutorial-283301",
            "timeouts": null,
            "unique_id": "105586568469688538840"
          },
          "private": "eyJlMmJmYjczMC1lY2FhLTExZTYtOGY4OC0zNDM2M2JjN2M0YzAiOnsiY3JlYXRlIjozMDAwMDAwMDAwMDB9fQ=="
        }
      ]
    }
  ]
}
